{
  "nodes": {
    "home-manager": {
      "inputs": {
        "nixpkgs": [
          "nixpkgs"
        ],
        "utils": "utils"
      },
      "locked": {
        "lastModified": 1667618048,
        "narHash": "sha256-pKgavGAXBiugdKd93Z3A8hGpUmc3wkTSHlzqXd1cTo0=",
        "owner": "nix-community",
        "repo": "home-manager",
        "rev": "c728307482dacc9b2720b8036292b166c7865fa9",
        "type": "github"
      },
      "original": {
        "owner": "nix-community",
        "repo": "home-manager",
        "type": "github"
      }
    },
    "nixpkgs": {
      "locked": {
        "lastModified": 1667629849,
        "narHash": "sha256-P+v+nDOFWicM4wziFK9S/ajF2lc0N2Rg9p6Y35uMoZI=",
        "owner": "nixos",
        "repo": "nixpkgs",
        "rev": "3bacde6273b09a21a8ccfba15586fb165078fb62",
        "type": "github"
      },
      "original": {
        "owner": "nixos",
        "ref": "nixos-unstable",
        "repo": "nixpkgs",
        "type": "github"
      }
    },
    "nixpkgs_2": {
      "locked": {
        "lastModified": 1665259268,
        "narHash": "sha256-ONFhHBLv5nZKhwV/F2GOH16197PbvpyWhoO0AOyktkU=",
        "owner": "nixos",
        "repo": "nixpkgs",
        "rev": "c5924154f000e6306030300592f4282949b2db6c",
        "type": "github"
      },
      "original": {
        "owner": "nixos",
        "ref": "nixos-unstable",
        "repo": "nixpkgs",
        "type": "github"
      }
    },
    "pianoteq": {
      "inputs": {
        "nixpkgs": "nixpkgs_2"
      },
      "locked": {
        "lastModified": 1665446511,
        "narHash": "sha256-tbEbH3z44978xd7i+7vXV/vy+N4bhVVP99j/VAz8D/k=",
        "owner": "qhga",
        "repo": "nix-pianoteq7",
        "rev": "ec6013cd52b73a80fcc67535b95d39e44a348e64",
        "type": "github"
      },
      "original": {
        "owner": "qhga",
        "repo": "nix-pianoteq7",
        "type": "github"
      }
    },
    "root": {
      "inputs": {
        "home-manager": "home-manager",
        "nixpkgs": "nixpkgs",
        "pianoteq": "pianoteq"
      }
    },
    "utils": {
      "locked": {
        "lastModified": 1667077288,
        "narHash": "sha256-bdC8sFNDpT0HK74u9fUkpbf1MEzVYJ+ka7NXCdgBoaA=",
        "owner": "numtide",
        "repo": "flake-utils",
        "rev": "6ee9ebb6b1ee695d2cacc4faa053a7b9baa76817",
        "type": "github"
      },
      "original": {
        "owner": "numtide",
        "repo": "flake-utils",
        "type": "github"
      }
    }
  },
  "root": "root",
  "version": 7
}
